PODS:
  - MRFFmpegPod (3.4.7):
    - MRFFmpegPod/libavcodec (= 3.4.7)
    - MRFFmpegPod/libavdevice (= 3.4.7)
    - MRFFmpegPod/libavfilter (= 3.4.7)
    - MRFFmpegPod/libavformat (= 3.4.7)
    - MRFFmpegPod/libavutil (= 3.4.7)
    - MRFFmpegPod/libswresample (= 3.4.7)
    - MRFFmpegPod/libswscale (= 3.4.7)
  - MRFFmpegPod/libavcodec (3.4.7)
  - MRFFmpegPod/libavdevice (3.4.7)
  - MRFFmpegPod/libavfilter (3.4.7)
  - MRFFmpegPod/libavformat (3.4.7)
  - MRFFmpegPod/libavutil (3.4.7)
  - MRFFmpegPod/libswresample (3.4.7)
  - MRFFmpegPod/libswscale (3.4.7)

DEPENDENCIES:
  - MRFFmpegPod (from `https://raw.githubusercontent.com/debugly/MRFFToolChainPod/master/MRFFmpeg3.4.7.podspec`)

EXTERNAL SOURCES:
  MRFFmpegPod:
    :podspec: https://raw.githubusercontent.com/debugly/MRFFToolChainPod/master/MRFFmpeg3.4.7.podspec

SPEC CHECKSUMS:
  MRFFmpegPod: 5bcf83d703ccc90de0d25f03140118fa9dbc119c

PODFILE CHECKSUM: 0f16cffc8ae0a9f5a99692a18cd3fbd4487680d5

COCOAPODS: 1.8.4
