PODS:
  - MRFFmpegPod (3.4.7):
    - MRFFmpegPod/libavcodec (= 3.4.7)
    - MRFFmpegPod/libavdevice (= 3.4.7)
    - MRFFmpegPod/libavfilter (= 3.4.7)
    - MRFFmpegPod/libavformat (= 3.4.7)
    - MRFFmpegPod/libavutil (= 3.4.7)
    - MRFFmpegPod/libswresample (= 3.4.7)
    - MRFFmpegPod/libswscale (= 3.4.7)
  - MRFFmpegPod/libavcodec (3.4.7)
  - MRFFmpegPod/libavdevice (3.4.7)
  - MRFFmpegPod/libavfilter (3.4.7)
  - MRFFmpegPod/libavformat (3.4.7)
  - MRFFmpegPod/libavutil (3.4.7)
  - MRFFmpegPod/libswresample (3.4.7)
  - MRFFmpegPod/libswscale (3.4.7)
  - MRMoviePlayer (0.1.0):
    - MRFFmpegPod

DEPENDENCIES:
  - MRFFmpegPod (from `https://raw.githubusercontent.com/debugly/MRFFToolChainPod/master/MRFFmpeg3.4.7.podspec`)
  - MRMoviePlayer (from `../`)

EXTERNAL SOURCES:
  MRFFmpegPod:
    :podspec: https://raw.githubusercontent.com/debugly/MRFFToolChainPod/master/MRFFmpeg3.4.7.podspec
  MRMoviePlayer:
    :path: "../"

SPEC CHECKSUMS:
  MRFFmpegPod: 5bcf83d703ccc90de0d25f03140118fa9dbc119c
  MRMoviePlayer: d037c1a4330ad73ce1331389de7f196e3120bd45

PODFILE CHECKSUM: 247ab937ef93887f6bf05f07955aada92d782dfa

COCOAPODS: 1.8.4
